PODS:
  - AFNetworking (2.5.4):
    - AFNetworking/NSURLConnection (= 2.5.4)
    - AFNetworking/NSURLSession (= 2.5.4)
    - AFNetworking/Reachability (= 2.5.4)
    - AFNetworking/Security (= 2.5.4)
    - AFNetworking/Serialization (= 2.5.4)
    - AFNetworking/UIKit (= 2.5.4)
  - AFNetworking/NSURLConnection (2.5.4):
    - AFNetworking/Reachability
    - AFNetworking/Security
    - AFNetworking/Serialization
  - AFNetworking/NSURLSession (2.5.4):
    - AFNetworking/Reachability
    - AFNetworking/Security
    - AFNetworking/Serialization
  - AFNetworking/Reachability (2.5.4)
  - AFNetworking/Security (2.5.4)
  - AFNetworking/Serialization (2.5.4)
  - AFNetworking/UIKit (2.5.4):
    - AFNetworking/NSURLConnection
    - AFNetworking/NSURLSession
  - DACircularProgress (2.3.1)
  - IDMPhotoBrowser (1.6.2):
    - AFNetworking
    - DACircularProgress
    - pop
  - KMCGeigerCounter (0.2.2)
  - KYCuteView (1.3.0)
  - KYGooeyMenu (1.0.5)
  - MJRefresh (1.4.6)
  - pop (1.0.7)
  - PureLayout (2.0.6)
  - SDWebImage (3.7.1):
    - SDWebImage/Core (= 3.7.1)
  - SDWebImage-YLGIFImage (0.2)
  - SDWebImage/Core (3.7.1)
  - Shimmer (1.0.2)
  - SKSplashView (0.1.0)
  - SVProgressHUD (1.1.3)
  - UITableViewController+KYSelfSizingPushFix (1.0.0)
  - YLGIFImage (0.11)

DEPENDENCIES:
  - AFNetworking (~> 2.5.4)
  - IDMPhotoBrowser (~> 1.6.2)
  - KMCGeigerCounter (~> 0.2.2)
  - KYCuteView (~> 1.3.0)
  - KYGooeyMenu (~> 1.0.5)
  - MJRefresh (~> 1.4.6)
  - pop (~> 1.0.7)
  - PureLayout (~> 2.0.6)
  - SDWebImage (from `https://github.com/liyong03/SDWebImage.git`)
  - SDWebImage-YLGIFImage (from `https://github.com/liyong03/SDWebImage-YLGIFImage.git`)
  - Shimmer (~> 1.0.2)
  - SKSplashView
  - SVProgressHUD (~> 1.1.3)
  - UITableViewController+KYSelfSizingPushFix (~> 1.0.0)
  - YLGIFImage

EXTERNAL SOURCES:
  SDWebImage:
    :git: https://github.com/liyong03/SDWebImage.git
  SDWebImage-YLGIFImage:
    :git: https://github.com/liyong03/SDWebImage-YLGIFImage.git

CHECKOUT OPTIONS:
  SDWebImage:
    :commit: d3567259f2d1c8a1b191563aef1357eed081b600
    :git: https://github.com/liyong03/SDWebImage.git
  SDWebImage-YLGIFImage:
    :commit: 601909292beefee7d231cdad73ef0bb7c9f64c95
    :git: https://github.com/liyong03/SDWebImage-YLGIFImage.git

SPEC CHECKSUMS:
  AFNetworking: 05edc0ac4c4c8cf57bcf4b84be5b0744b6d8e71e
  DACircularProgress: 4dd437c0fc3da5161cb289e07ac449493d41db71
  IDMPhotoBrowser: ebbfa6690456b72dd92d93b7bc11d71519f4d06d
  KMCGeigerCounter: f8cc3c4aa19fc6f8cec168fb03b364b84c118a7a
  KYCuteView: ad61c0ef95a2595e6bade134189d5a4dbe3ed3f2
  KYGooeyMenu: 3d9f3504b59a5dd1b6c4ff34a06836284647a2aa
  MJRefresh: 2eaa3fd8f67fbb86497840fb0167446f7eb61dc7
  pop: 628ffc631644601567ee8bfaaaea493ebd7d0923
  PureLayout: f25f0bb904d5ccfe6e31da3cb869185259f02e0d
  SDWebImage: ed3095af2ff88b436426037444979b917f6c5575
  SDWebImage-YLGIFImage: ebfaf69d15388cfafa3b338b18700acfa0e265ea
  Shimmer: c5374be1c2b0c9e292fb05b339a513cf291cac86
  SKSplashView: 8cdb1bfccb5857cb141751d01b03cf132b110168
  SVProgressHUD: 748080e4f36e603f6c02aec292664239df5279c1
  UITableViewController+KYSelfSizingPushFix: 4c348c893d78c86bf818c80020ef32e55d4f2cf0
  YLGIFImage: c0ae132fe80e5282b2762a97d14e23ba71a748ae

COCOAPODS: 0.37.1
